// !$*UTF8*$!
{
	archiveVersion = 1;
	classes = {
	};
	objectVersion = 77;
	objects = {

/* Begin PBXBuildFile section */
		08ED50D6DB456FCCAA825930 /* LevelTestView.swift in Sources */ = {isa = PBXBuildFile; fileRef = 85A41241CC7807C8B20BDFA2 /* LevelTestView.swift */; };
		0928C5F4B147EA03B20FFD5A /* Typography.swift in Sources */ = {isa = PBXBuildFile; fileRef = B44B7B0E46FA56E450B5818A /* Typography.swift */; };
		0A3BDD185BDC6C45340CEE82 /* OnboardingViewModel.swift in Sources */ = {isa = PBXBuildFile; fileRef = BE76D05C8B170EE8EF0997B5 /* OnboardingViewModel.swift */; };
		26B878F5F5C4AB04648D14A9 /* ProfileView.swift in Sources */ = {isa = PBXBuildFile; fileRef = 8F1F16E5B8004CC387D6F306 /* ProfileView.swift */; };
		364012B645B1C56ABCF9357F /* ProgressRing.swift in Sources */ = {isa = PBXBuildFile; fileRef = 8F566295879F3FE91ED615FC /* ProgressRing.swift */; };
		3F4BABF55B799149AE03747C /* SessionView.swift in Sources */ = {isa = PBXBuildFile; fileRef = 18E2EAB6685BB52DE05CA5C0 /* SessionView.swift */; };
		3FC4BD48BB20217E78F2836C /* MainTabView.swift in Sources */ = {isa = PBXBuildFile; fileRef = 6BB9F372ACFAF98FC5899252 /* MainTabView.swift */; };
		4B68F9DA0B9594516CD880F7 /* ReviewView.swift in Sources */ = {isa = PBXBuildFile; fileRef = 62F17BD6E9DF8C4AF982C058 /* ReviewView.swift */; };
		4B9B35539DE48ADD5A5376A1 /* NotificationDigestView.swift in Sources */ = {isa = PBXBuildFile; fileRef = 70E1432BEF4A351FE27E4235 /* NotificationDigestView.swift */; };
		51D532B8C6AAAB3232AC9908 /* StreakCalendarView.swift in Sources */ = {isa = PBXBuildFile; fileRef = 802E8A7A6961E8241F110B61 /* StreakCalendarView.swift */; };
		58414E69662B0CAB7BF79CCD /* SessionState.swift in Sources */ = {isa = PBXBuildFile; fileRef = CFBD532031346EB60471981C /* SessionState.swift */; };
		598B8588295698BC39A7CEFA /* ReviewViewModel.swift in Sources */ = {isa = PBXBuildFile; fileRef = B93AA43DD0026CAF3F254A0B /* ReviewViewModel.swift */; };
		671CB7ECEA685F3DF5DB9FFF /* PatternDetailViewModel.swift in Sources */ = {isa = PBXBuildFile; fileRef = B674FB779EAE45E3F38D1F4B /* PatternDetailViewModel.swift */; };
		67FF42C7F5EE3C9B707549B9 /* NotificationPermissionView.swift in Sources */ = {isa = PBXBuildFile; fileRef = CD83D35DAFF91896A2CC845D /* NotificationPermissionView.swift */; };
		686468396C836BD7B81A546A /* EnglishBrainApp.swift in Sources */ = {isa = PBXBuildFile; fileRef = 97902E6E54D0C0B03A3D5911 /* EnglishBrainApp.swift */; };
		6ACDABCE278C57481D965384 /* BrainBurstAnimationView.swift in Sources */ = {isa = PBXBuildFile; fileRef = 22538C3AC64927C79E6807E7 /* BrainBurstAnimationView.swift */; };
		81EAF4B0E2C4939A4812C923 /* IntroCarouselView.swift in Sources */ = {isa = PBXBuildFile; fileRef = 3A0F092ECFA0C062FB007043 /* IntroCarouselView.swift */; };
		85C8D394614D441BDBD9F84F /* BrainTokenInventoryView.swift in Sources */ = {isa = PBXBuildFile; fileRef = D682894F8A70589D8AD6132C /* BrainTokenInventoryView.swift */; };
		87E9AF7CB86E0D5DE80E45F6 /* StreakCard.swift in Sources */ = {isa = PBXBuildFile; fileRef = BEA92B67F8C36991720F8B6A /* StreakCard.swift */; };
		8C66AD869A96465CC1E31601 /* ContentView.swift in Sources */ = {isa = PBXBuildFile; fileRef = D3A95ACC99C3A332F194CEE3 /* ContentView.swift */; };
		9E55C40039A80B18130771B4 /* APIConfiguration.swift in Sources */ = {isa = PBXBuildFile; fileRef = F193DDEE113DAC1B9C2D118E /* APIConfiguration.swift */; };
		AC46864EBD8A875AEB59A407 /* OnboardingCoordinator.swift in Sources */ = {isa = PBXBuildFile; fileRef = C655F72D2191CAF7DB0DDC0C /* OnboardingCoordinator.swift */; };
		B6CC70D1765ED0971924CFE7 /* PatternDetailView.swift in Sources */ = {isa = PBXBuildFile; fileRef = 5E0116D50DA5C42DE15B8F7D /* PatternDetailView.swift */; };
		BC2595F8BF801923635EF529 /* EnglishBrainAPI in Frameworks */ = {isa = PBXBuildFile; productRef = 309C775AB5E865179B56BFB9 /* EnglishBrainAPI */; };
		BF2BB95C590677BA94645595 /* HomeView.swift in Sources */ = {isa = PBXBuildFile; fileRef = F9449226CD02480153E617A2 /* HomeView.swift */; };
		BF4B36962ED0F031B6CD1523 /* NotificationViewModel.swift in Sources */ = {isa = PBXBuildFile; fileRef = 55EAF661CDE5CCA2133AEF67 /* NotificationViewModel.swift */; };
		C154DD8103B6B7B1D69F4538 /* StreakViewModel.swift in Sources */ = {isa = PBXBuildFile; fileRef = 235DDF5E87055116345665DA /* StreakViewModel.swift */; };
		D2E1D470F6B599F3FD063034 /* TutorialView.swift in Sources */ = {isa = PBXBuildFile; fileRef = 56482083C628E9EC091EEBC2 /* TutorialView.swift */; };
		E1E1C3BF8FAD217A690E1D6C /* DailyGoalCard.swift in Sources */ = {isa = PBXBuildFile; fileRef = 86B9FAC1860FACF5CC37DF99 /* DailyGoalCard.swift */; };
		E57E6758E91F9DC9029F6EBD /* SessionViewModel.swift in Sources */ = {isa = PBXBuildFile; fileRef = 8FFCCB1528502A866561CDFA /* SessionViewModel.swift */; };
		E69E0D5875FF12788421795D /* LevelTestViewModel.swift in Sources */ = {isa = PBXBuildFile; fileRef = B6C097D4B12257B3E07FDEEE /* LevelTestViewModel.swift */; };
		E75715246B6669A49759AEBF /* Colors.swift in Sources */ = {isa = PBXBuildFile; fileRef = BFB17D18D23D946BE417FC03 /* Colors.swift */; };
		E92A72245B8BD4FCEF44F2B0 /* PrimaryButton.swift in Sources */ = {isa = PBXBuildFile; fileRef = 16D3FF4AE5A6647BE22AB927 /* PrimaryButton.swift */; };
		ED3D18E59C8DDA5C4A97BC96 /* LevelTestState.swift in Sources */ = {isa = PBXBuildFile; fileRef = 27CFE2D7545B281AAF8F50B3 /* LevelTestState.swift */; };
		F10BCD759EAD5A843B98A95C /* HomeViewModel.swift in Sources */ = {isa = PBXBuildFile; fileRef = 76067468A69F1FD97FA5E638 /* HomeViewModel.swift */; };
		F573D97A911036045A22B6CB /* PatternsListView.swift in Sources */ = {isa = PBXBuildFile; fileRef = 636746B12A5715E8DEA4F540 /* PatternsListView.swift */; };
		F76DBB07808827F28B53B97B /* DeepLinkRouter.swift in Sources */ = {isa = PBXBuildFile; fileRef = 6A6343A1DCA7DFD93BEBF019 /* DeepLinkRouter.swift */; };
		FA42FC2D5EAA86D783E6BA08 /* PatternWeaknessCard.swift in Sources */ = {isa = PBXBuildFile; fileRef = BB8D76D850F445A3B4EA697F /* PatternWeaknessCard.swift */; };
/* End PBXBuildFile section */

/* Begin PBXFileReference section */
		16D3FF4AE5A6647BE22AB927 /* PrimaryButton.swift */ = {isa = PBXFileReference; lastKnownFileType = sourcecode.swift; path = PrimaryButton.swift; sourceTree = "<group>"; };
		18E2EAB6685BB52DE05CA5C0 /* SessionView.swift */ = {isa = PBXFileReference; lastKnownFileType = sourcecode.swift; path = SessionView.swift; sourceTree = "<group>"; };
		22538C3AC64927C79E6807E7 /* BrainBurstAnimationView.swift */ = {isa = PBXFileReference; lastKnownFileType = sourcecode.swift; path = BrainBurstAnimationView.swift; sourceTree = "<group>"; };
		235DDF5E87055116345665DA /* StreakViewModel.swift */ = {isa = PBXFileReference; lastKnownFileType = sourcecode.swift; path = StreakViewModel.swift; sourceTree = "<group>"; };
		27CFE2D7545B281AAF8F50B3 /* LevelTestState.swift */ = {isa = PBXFileReference; lastKnownFileType = sourcecode.swift; path = LevelTestState.swift; sourceTree = "<group>"; };
		373AC0A8277782D77C6851AD /* EnglishBrain.app */ = {isa = PBXFileReference; includeInIndex = 0; lastKnownFileType = wrapper.application; path = EnglishBrain.app; sourceTree = BUILT_PRODUCTS_DIR; };
		3A0F092ECFA0C062FB007043 /* IntroCarouselView.swift */ = {isa = PBXFileReference; lastKnownFileType = sourcecode.swift; path = IntroCarouselView.swift; sourceTree = "<group>"; };
		55EAF661CDE5CCA2133AEF67 /* NotificationViewModel.swift */ = {isa = PBXFileReference; lastKnownFileType = sourcecode.swift; path = NotificationViewModel.swift; sourceTree = "<group>"; };
		56482083C628E9EC091EEBC2 /* TutorialView.swift */ = {isa = PBXFileReference; lastKnownFileType = sourcecode.swift; path = TutorialView.swift; sourceTree = "<group>"; };
		5E0116D50DA5C42DE15B8F7D /* PatternDetailView.swift */ = {isa = PBXFileReference; lastKnownFileType = sourcecode.swift; path = PatternDetailView.swift; sourceTree = "<group>"; };
		62F17BD6E9DF8C4AF982C058 /* ReviewView.swift */ = {isa = PBXFileReference; lastKnownFileType = sourcecode.swift; path = ReviewView.swift; sourceTree = "<group>"; };
		636746B12A5715E8DEA4F540 /* PatternsListView.swift */ = {isa = PBXFileReference; lastKnownFileType = sourcecode.swift; path = PatternsListView.swift; sourceTree = "<group>"; };
		6A6343A1DCA7DFD93BEBF019 /* DeepLinkRouter.swift */ = {isa = PBXFileReference; lastKnownFileType = sourcecode.swift; path = DeepLinkRouter.swift; sourceTree = "<group>"; };
		6BB9F372ACFAF98FC5899252 /* MainTabView.swift */ = {isa = PBXFileReference; lastKnownFileType = sourcecode.swift; path = MainTabView.swift; sourceTree = "<group>"; };
		70E1432BEF4A351FE27E4235 /* NotificationDigestView.swift */ = {isa = PBXFileReference; lastKnownFileType = sourcecode.swift; path = NotificationDigestView.swift; sourceTree = "<group>"; };
		76067468A69F1FD97FA5E638 /* HomeViewModel.swift */ = {isa = PBXFileReference; lastKnownFileType = sourcecode.swift; path = HomeViewModel.swift; sourceTree = "<group>"; };
		802E8A7A6961E8241F110B61 /* StreakCalendarView.swift */ = {isa = PBXFileReference; lastKnownFileType = sourcecode.swift; path = StreakCalendarView.swift; sourceTree = "<group>"; };
		85A41241CC7807C8B20BDFA2 /* LevelTestView.swift */ = {isa = PBXFileReference; lastKnownFileType = sourcecode.swift; path = LevelTestView.swift; sourceTree = "<group>"; };
		86B9FAC1860FACF5CC37DF99 /* DailyGoalCard.swift */ = {isa = PBXFileReference; lastKnownFileType = sourcecode.swift; path = DailyGoalCard.swift; sourceTree = "<group>"; };
		8F1F16E5B8004CC387D6F306 /* ProfileView.swift */ = {isa = PBXFileReference; lastKnownFileType = sourcecode.swift; path = ProfileView.swift; sourceTree = "<group>"; };
		8F566295879F3FE91ED615FC /* ProgressRing.swift */ = {isa = PBXFileReference; lastKnownFileType = sourcecode.swift; path = ProgressRing.swift; sourceTree = "<group>"; };
		8FFCCB1528502A866561CDFA /* SessionViewModel.swift */ = {isa = PBXFileReference; lastKnownFileType = sourcecode.swift; path = SessionViewModel.swift; sourceTree = "<group>"; };
		97902E6E54D0C0B03A3D5911 /* EnglishBrainApp.swift */ = {isa = PBXFileReference; lastKnownFileType = sourcecode.swift; path = EnglishBrainApp.swift; sourceTree = "<group>"; };
		B44B7B0E46FA56E450B5818A /* Typography.swift */ = {isa = PBXFileReference; lastKnownFileType = sourcecode.swift; path = Typography.swift; sourceTree = "<group>"; };
		B674FB779EAE45E3F38D1F4B /* PatternDetailViewModel.swift */ = {isa = PBXFileReference; lastKnownFileType = sourcecode.swift; path = PatternDetailViewModel.swift; sourceTree = "<group>"; };
		B6C097D4B12257B3E07FDEEE /* LevelTestViewModel.swift */ = {isa = PBXFileReference; lastKnownFileType = sourcecode.swift; path = LevelTestViewModel.swift; sourceTree = "<group>"; };
		B93AA43DD0026CAF3F254A0B /* ReviewViewModel.swift */ = {isa = PBXFileReference; lastKnownFileType = sourcecode.swift; path = ReviewViewModel.swift; sourceTree = "<group>"; };
		BB8D76D850F445A3B4EA697F /* PatternWeaknessCard.swift */ = {isa = PBXFileReference; lastKnownFileType = sourcecode.swift; path = PatternWeaknessCard.swift; sourceTree = "<group>"; };
		BC785FA1C5025E51E3DA9C36 /* sdk-swift */ = {isa = PBXFileReference; lastKnownFileType = folder; name = "sdk-swift"; path = "../sdk-swift"; sourceTree = SOURCE_ROOT; };
		BE76D05C8B170EE8EF0997B5 /* OnboardingViewModel.swift */ = {isa = PBXFileReference; lastKnownFileType = sourcecode.swift; path = OnboardingViewModel.swift; sourceTree = "<group>"; };
		BEA92B67F8C36991720F8B6A /* StreakCard.swift */ = {isa = PBXFileReference; lastKnownFileType = sourcecode.swift; path = StreakCard.swift; sourceTree = "<group>"; };
		BFB17D18D23D946BE417FC03 /* Colors.swift */ = {isa = PBXFileReference; lastKnownFileType = sourcecode.swift; path = Colors.swift; sourceTree = "<group>"; };
		C655F72D2191CAF7DB0DDC0C /* OnboardingCoordinator.swift */ = {isa = PBXFileReference; lastKnownFileType = sourcecode.swift; path = OnboardingCoordinator.swift; sourceTree = "<group>"; };
		CD83D35DAFF91896A2CC845D /* NotificationPermissionView.swift */ = {isa = PBXFileReference; lastKnownFileType = sourcecode.swift; path = NotificationPermissionView.swift; sourceTree = "<group>"; };
		CFBD532031346EB60471981C /* SessionState.swift */ = {isa = PBXFileReference; lastKnownFileType = sourcecode.swift; path = SessionState.swift; sourceTree = "<group>"; };
		D3A95ACC99C3A332F194CEE3 /* ContentView.swift */ = {isa = PBXFileReference; lastKnownFileType = sourcecode.swift; path = ContentView.swift; sourceTree = "<group>"; };
		D682894F8A70589D8AD6132C /* BrainTokenInventoryView.swift */ = {isa = PBXFileReference; lastKnownFileType = sourcecode.swift; path = BrainTokenInventoryView.swift; sourceTree = "<group>"; };
		F193DDEE113DAC1B9C2D118E /* APIConfiguration.swift */ = {isa = PBXFileReference; lastKnownFileType = sourcecode.swift; path = APIConfiguration.swift; sourceTree = "<group>"; };
		F9449226CD02480153E617A2 /* HomeView.swift */ = {isa = PBXFileReference; lastKnownFileType = sourcecode.swift; path = HomeView.swift; sourceTree = "<group>"; };
/* End PBXFileReference section */

/* Begin PBXFrameworksBuildPhase section */
		22B72AFA01D2BDE8D0974D6B /* Frameworks */ = {
			isa = PBXFrameworksBuildPhase;
			buildActionMask = 2147483647;
			files = (
				BC2595F8BF801923635EF529 /* EnglishBrainAPI in Frameworks */,
			);
			runOnlyForDeploymentPostprocessing = 0;
		};
/* End PBXFrameworksBuildPhase section */

/* Begin PBXGroup section */
		08EFDB873BEEE69B5C40B0A0 /* Views */ = {
			isa = PBXGroup;
			children = (
				62F17BD6E9DF8C4AF982C058 /* ReviewView.swift */,
			);
			path = Views;
			sourceTree = "<group>";
		};
		0E2404CB64E4E56BC6C33110 /* Views */ = {
			isa = PBXGroup;
			children = (
				5E0116D50DA5C42DE15B8F7D /* PatternDetailView.swift */,
				636746B12A5715E8DEA4F540 /* PatternsListView.swift */,
			);
			path = Views;
			sourceTree = "<group>";
		};
		0F4AC70D05CD99C015DA1E5C /* Profile */ = {
			isa = PBXGroup;
			children = (
				EEBCEA5278ACF57547D24970 /* Views */,
			);
			path = Profile;
			sourceTree = "<group>";
		};
		145045887A2EE6CC76D07909 /* Streak */ = {
			isa = PBXGroup;
			children = (
				4A164108C3B45471A5436654 /* ViewModels */,
				6F759D402B7F60237DB07DA5 /* Views */,
			);
			path = Streak;
			sourceTree = "<group>";
		};
		2D3E03D1E8B4B942D0CB0287 /* ViewModels */ = {
			isa = PBXGroup;
			children = (
				76067468A69F1FD97FA5E638 /* HomeViewModel.swift */,
			);
			path = ViewModels;
			sourceTree = "<group>";
		};
		34CD6A7A3BE4412AF5596448 /* Components */ = {
			isa = PBXGroup;
			children = (
				16D3FF4AE5A6647BE22AB927 /* PrimaryButton.swift */,
				8F566295879F3FE91ED615FC /* ProgressRing.swift */,
			);
			path = Components;
			sourceTree = "<group>";
		};
		391349C029D8F29A02B71A8D /* Views */ = {
			isa = PBXGroup;
			children = (
				18E2EAB6685BB52DE05CA5C0 /* SessionView.swift */,
				ABBD58230D35A2B96DEA9650 /* Components */,
			);
			path = Views;
			sourceTree = "<group>";
		};
		3C38C9D685D4A434C12D67A4 /* Features */ = {
			isa = PBXGroup;
			children = (
				A1714E9D83E9E63128368E25 /* Home */,
				A0C9A8F8B3173AC0D3F33806 /* Notifications */,
				B1BA06D730642211CB4414F2 /* Onboarding */,
				7BD35CB75E4FB99AEB557275 /* Patterns */,
				0F4AC70D05CD99C015DA1E5C /* Profile */,
				67B15093AC474C0169121D43 /* Review */,
				7EB94D7FB27AFC09B8DCA39E /* Session */,
				145045887A2EE6CC76D07909 /* Streak */,
			);
			path = Features;
			sourceTree = "<group>";
		};
		4A164108C3B45471A5436654 /* ViewModels */ = {
			isa = PBXGroup;
			children = (
				235DDF5E87055116345665DA /* StreakViewModel.swift */,
			);
			path = ViewModels;
			sourceTree = "<group>";
		};
		4E63948E798DB91993C873C1 /* Tokens */ = {
			isa = PBXGroup;
			children = (
				BFB17D18D23D946BE417FC03 /* Colors.swift */,
				B44B7B0E46FA56E450B5818A /* Typography.swift */,
			);
			path = Tokens;
			sourceTree = "<group>";
		};
		57DDCA52142EE48407B3AF0F /* ViewModels */ = {
			isa = PBXGroup;
			children = (
				B93AA43DD0026CAF3F254A0B /* ReviewViewModel.swift */,
			);
			path = ViewModels;
			sourceTree = "<group>";
		};
		583962C2C3953080C76F2B3E /* Products */ = {
			isa = PBXGroup;
			children = (
				373AC0A8277782D77C6851AD /* EnglishBrain.app */,
			);
			name = Products;
			sourceTree = "<group>";
		};
		67B15093AC474C0169121D43 /* Review */ = {
			isa = PBXGroup;
			children = (
				57DDCA52142EE48407B3AF0F /* ViewModels */,
				08EFDB873BEEE69B5C40B0A0 /* Views */,
			);
			path = Review;
			sourceTree = "<group>";
		};
		682AA907F9B821B022DD4C12 /* Packages */ = {
			isa = PBXGroup;
			children = (
				BC785FA1C5025E51E3DA9C36 /* sdk-swift */,
			);
			name = Packages;
			sourceTree = "<group>";
		};
		6F759D402B7F60237DB07DA5 /* Views */ = {
			isa = PBXGroup;
			children = (
				D682894F8A70589D8AD6132C /* BrainTokenInventoryView.swift */,
				802E8A7A6961E8241F110B61 /* StreakCalendarView.swift */,
			);
			path = Views;
			sourceTree = "<group>";
		};
		6F7AD0A035878EA3813B2F1C /* ViewModels */ = {
			isa = PBXGroup;
			children = (
				B674FB779EAE45E3F38D1F4B /* PatternDetailViewModel.swift */,
			);
			path = ViewModels;
			sourceTree = "<group>";
		};
		7BD35CB75E4FB99AEB557275 /* Patterns */ = {
			isa = PBXGroup;
			children = (
				6F7AD0A035878EA3813B2F1C /* ViewModels */,
				0E2404CB64E4E56BC6C33110 /* Views */,
			);
			path = Patterns;
			sourceTree = "<group>";
		};
		7EB94D7FB27AFC09B8DCA39E /* Session */ = {
			isa = PBXGroup;
			children = (
				882E237B29974C524802A641 /* Models */,
				DE3B333F1917CEFC709F8520 /* ViewModels */,
				391349C029D8F29A02B71A8D /* Views */,
			);
			path = Session;
			sourceTree = "<group>";
		};
		82AE16CB77F7B155A5B79979 /* Views */ = {
			isa = PBXGroup;
			children = (
				F9449226CD02480153E617A2 /* HomeView.swift */,
				E730B57D44C22A8C69128078 /* Components */,
			);
			path = Views;
			sourceTree = "<group>";
		};
		882E237B29974C524802A641 /* Models */ = {
			isa = PBXGroup;
			children = (
				CFBD532031346EB60471981C /* SessionState.swift */,
			);
			path = Models;
			sourceTree = "<group>";
		};
		A0C9A8F8B3173AC0D3F33806 /* Notifications */ = {
			isa = PBXGroup;
			children = (
				BEFB0805B8F0A6AF95B99439 /* ViewModels */,
				BFB9C646F97CCCCB90893FA5 /* Views */,
			);
			path = Notifications;
			sourceTree = "<group>";
		};
		A1714E9D83E9E63128368E25 /* Home */ = {
			isa = PBXGroup;
			children = (
				2D3E03D1E8B4B942D0CB0287 /* ViewModels */,
				82AE16CB77F7B155A5B79979 /* Views */,
			);
			path = Home;
			sourceTree = "<group>";
		};
		A41CFA2F195E153DC53F5012 = {
			isa = PBXGroup;
			children = (
				EC7E1F3BE4E46A6B9D0292E4 /* EnglishBrain */,
				682AA907F9B821B022DD4C12 /* Packages */,
				583962C2C3953080C76F2B3E /* Products */,
			);
			sourceTree = "<group>";
		};
		A496E0757BBA06B5453C5A34 /* DesignSystem */ = {
			isa = PBXGroup;
			children = (
				34CD6A7A3BE4412AF5596448 /* Components */,
				4E63948E798DB91993C873C1 /* Tokens */,
			);
			path = DesignSystem;
			sourceTree = "<group>";
		};
		AABB6E3D08F3B3B3A510919D /* Views */ = {
			isa = PBXGroup;
			children = (
				3A0F092ECFA0C062FB007043 /* IntroCarouselView.swift */,
				85A41241CC7807C8B20BDFA2 /* LevelTestView.swift */,
				CD83D35DAFF91896A2CC845D /* NotificationPermissionView.swift */,
				56482083C628E9EC091EEBC2 /* TutorialView.swift */,
			);
			path = Views;
			sourceTree = "<group>";
		};
		ABBD58230D35A2B96DEA9650 /* Components */ = {
			isa = PBXGroup;
			children = (
				22538C3AC64927C79E6807E7 /* BrainBurstAnimationView.swift */,
			);
			path = Components;
			sourceTree = "<group>";
		};
		ADAE4852F5D551F5FEC9091E /* ViewModels */ = {
			isa = PBXGroup;
			children = (
				B6C097D4B12257B3E07FDEEE /* LevelTestViewModel.swift */,
				BE76D05C8B170EE8EF0997B5 /* OnboardingViewModel.swift */,
			);
			path = ViewModels;
			sourceTree = "<group>";
		};
		AE330A34893389A8424522F3 /* Models */ = {
			isa = PBXGroup;
			children = (
				27CFE2D7545B281AAF8F50B3 /* LevelTestState.swift */,
			);
			path = Models;
			sourceTree = "<group>";
		};
		B1BA06D730642211CB4414F2 /* Onboarding */ = {
			isa = PBXGroup;
			children = (
				C655F72D2191CAF7DB0DDC0C /* OnboardingCoordinator.swift */,
				AE330A34893389A8424522F3 /* Models */,
				ADAE4852F5D551F5FEC9091E /* ViewModels */,
				AABB6E3D08F3B3B3A510919D /* Views */,
			);
			path = Onboarding;
			sourceTree = "<group>";
		};
		BEFB0805B8F0A6AF95B99439 /* ViewModels */ = {
			isa = PBXGroup;
			children = (
				55EAF661CDE5CCA2133AEF67 /* NotificationViewModel.swift */,
			);
			path = ViewModels;
			sourceTree = "<group>";
		};
		BFB9C646F97CCCCB90893FA5 /* Views */ = {
			isa = PBXGroup;
			children = (
				70E1432BEF4A351FE27E4235 /* NotificationDigestView.swift */,
			);
			path = Views;
			sourceTree = "<group>";
		};
		C161EA13C6A06DC3DD538AA8 /* Services */ = {
			isa = PBXGroup;
			children = (
				F193DDEE113DAC1B9C2D118E /* APIConfiguration.swift */,
				6A6343A1DCA7DFD93BEBF019 /* DeepLinkRouter.swift */,
			);
			path = Services;
			sourceTree = "<group>";
		};
		CC6A61E8C3167F92217B86B4 /* App */ = {
			isa = PBXGroup;
			children = (
				6BB9F372ACFAF98FC5899252 /* MainTabView.swift */,
			);
			path = App;
			sourceTree = "<group>";
		};
		DE3B333F1917CEFC709F8520 /* ViewModels */ = {
			isa = PBXGroup;
			children = (
				8FFCCB1528502A866561CDFA /* SessionViewModel.swift */,
			);
			path = ViewModels;
			sourceTree = "<group>";
		};
		E730B57D44C22A8C69128078 /* Components */ = {
			isa = PBXGroup;
			children = (
				86B9FAC1860FACF5CC37DF99 /* DailyGoalCard.swift */,
				BB8D76D850F445A3B4EA697F /* PatternWeaknessCard.swift */,
				BEA92B67F8C36991720F8B6A /* StreakCard.swift */,
			);
			path = Components;
			sourceTree = "<group>";
		};
		EC7E1F3BE4E46A6B9D0292E4 /* EnglishBrain */ = {
			isa = PBXGroup;
			children = (
				D3A95ACC99C3A332F194CEE3 /* ContentView.swift */,
				97902E6E54D0C0B03A3D5911 /* EnglishBrainApp.swift */,
				CC6A61E8C3167F92217B86B4 /* App */,
				A496E0757BBA06B5453C5A34 /* DesignSystem */,
				3C38C9D685D4A434C12D67A4 /* Features */,
				C161EA13C6A06DC3DD538AA8 /* Services */,
			);
			path = EnglishBrain;
			sourceTree = "<group>";
		};
		EEBCEA5278ACF57547D24970 /* Views */ = {
			isa = PBXGroup;
			children = (
				8F1F16E5B8004CC387D6F306 /* ProfileView.swift */,
			);
			path = Views;
			sourceTree = "<group>";
		};
/* End PBXGroup section */

/* Begin PBXNativeTarget section */
		46EFA71EA112BF3B19DE5A77 /* EnglishBrain */ = {
			isa = PBXNativeTarget;
			buildConfigurationList = 0D11F8CFA89B127747CB3ACD /* Build configuration list for PBXNativeTarget "EnglishBrain" */;
			buildPhases = (
				78A82BAD0CEB9CF2D86861AD /* Sources */,
				22B72AFA01D2BDE8D0974D6B /* Frameworks */,
			);
			buildRules = (
			);
			dependencies = (
			);
			name = EnglishBrain;
			packageProductDependencies = (
				309C775AB5E865179B56BFB9 /* EnglishBrainAPI */,
			);
			productName = EnglishBrain;
			productReference = 373AC0A8277782D77C6851AD /* EnglishBrain.app */;
			productType = "com.apple.product-type.application";
		};
/* End PBXNativeTarget section */

/* Begin PBXProject section */
		5FAABA92276DBAC4CB6ADAAA /* Project object */ = {
			isa = PBXProject;
			attributes = {
				BuildIndependentTargetsInParallel = YES;
				LastUpgradeCheck = 1430;
				TargetAttributes = {
					46EFA71EA112BF3B19DE5A77 = {
						DevelopmentTeam = "";
					};
				};
			};
			buildConfigurationList = A9B9787CC79ABD382039D1BF /* Build configuration list for PBXProject "EnglishBrain" */;
			compatibilityVersion = "Xcode 14.0";
			developmentRegion = en;
			hasScannedForEncodings = 0;
			knownRegions = (
				Base,
				en,
			);
			mainGroup = A41CFA2F195E153DC53F5012;
			minimizedProjectReferenceProxies = 1;
			packageReferences = (
				2943B62B41F5C94E0E169FD8 /* XCLocalSwiftPackageReference "../sdk-swift" */,
			);
			preferredProjectObjectVersion = 77;
			projectDirPath = "";
			projectRoot = "";
			targets = (
				46EFA71EA112BF3B19DE5A77 /* EnglishBrain */,
			);
		};
/* End PBXProject section */

/* Begin PBXSourcesBuildPhase section */
		78A82BAD0CEB9CF2D86861AD /* Sources */ = {
			isa = PBXSourcesBuildPhase;
			buildActionMask = 2147483647;
			files = (
				9E55C40039A80B18130771B4 /* APIConfiguration.swift in Sources */,
				6ACDABCE278C57481D965384 /* BrainBurstAnimationView.swift in Sources */,
				85C8D394614D441BDBD9F84F /* BrainTokenInventoryView.swift in Sources */,
				E75715246B6669A49759AEBF /* Colors.swift in Sources */,
				8C66AD869A96465CC1E31601 /* ContentView.swift in Sources */,
				E1E1C3BF8FAD217A690E1D6C /* DailyGoalCard.swift in Sources */,
				F76DBB07808827F28B53B97B /* DeepLinkRouter.swift in Sources */,
				686468396C836BD7B81A546A /* EnglishBrainApp.swift in Sources */,
				BF2BB95C590677BA94645595 /* HomeView.swift in Sources */,
				F10BCD759EAD5A843B98A95C /* HomeViewModel.swift in Sources */,
				81EAF4B0E2C4939A4812C923 /* IntroCarouselView.swift in Sources */,
				ED3D18E59C8DDA5C4A97BC96 /* LevelTestState.swift in Sources */,
				08ED50D6DB456FCCAA825930 /* LevelTestView.swift in Sources */,
				E69E0D5875FF12788421795D /* LevelTestViewModel.swift in Sources */,
				3FC4BD48BB20217E78F2836C /* MainTabView.swift in Sources */,
				4B9B35539DE48ADD5A5376A1 /* NotificationDigestView.swift in Sources */,
				67FF42C7F5EE3C9B707549B9 /* NotificationPermissionView.swift in Sources */,
				BF4B36962ED0F031B6CD1523 /* NotificationViewModel.swift in Sources */,
				AC46864EBD8A875AEB59A407 /* OnboardingCoordinator.swift in Sources */,
				0A3BDD185BDC6C45340CEE82 /* OnboardingViewModel.swift in Sources */,
				B6CC70D1765ED0971924CFE7 /* PatternDetailView.swift in Sources */,
				671CB7ECEA685F3DF5DB9FFF /* PatternDetailViewModel.swift in Sources */,
				FA42FC2D5EAA86D783E6BA08 /* PatternWeaknessCard.swift in Sources */,
				F573D97A911036045A22B6CB /* PatternsListView.swift in Sources */,
				E92A72245B8BD4FCEF44F2B0 /* PrimaryButton.swift in Sources */,
				26B878F5F5C4AB04648D14A9 /* ProfileView.swift in Sources */,
				364012B645B1C56ABCF9357F /* ProgressRing.swift in Sources */,
				4B68F9DA0B9594516CD880F7 /* ReviewView.swift in Sources */,
				598B8588295698BC39A7CEFA /* ReviewViewModel.swift in Sources */,
				58414E69662B0CAB7BF79CCD /* SessionState.swift in Sources */,
				3F4BABF55B799149AE03747C /* SessionView.swift in Sources */,
				E57E6758E91F9DC9029F6EBD /* SessionViewModel.swift in Sources */,
				51D532B8C6AAAB3232AC9908 /* StreakCalendarView.swift in Sources */,
				87E9AF7CB86E0D5DE80E45F6 /* StreakCard.swift in Sources */,
				C154DD8103B6B7B1D69F4538 /* StreakViewModel.swift in Sources */,
				D2E1D470F6B599F3FD063034 /* TutorialView.swift in Sources */,
				0928C5F4B147EA03B20FFD5A /* Typography.swift in Sources */,
			);
			runOnlyForDeploymentPostprocessing = 0;
		};
/* End PBXSourcesBuildPhase section */

/* Begin XCBuildConfiguration section */
		154C1901770F3D0DC14E101E /* Release */ = {
			isa = XCBuildConfiguration;
			buildSettings = {
				ALWAYS_SEARCH_USER_PATHS = NO;
				CLANG_ANALYZER_NONNULL = YES;
				CLANG_ANALYZER_NUMBER_OBJECT_CONVERSION = YES_AGGRESSIVE;
				CLANG_CXX_LANGUAGE_STANDARD = "gnu++14";
				CLANG_CXX_LIBRARY = "libc++";
				CLANG_ENABLE_MODULES = YES;
				CLANG_ENABLE_OBJC_ARC = YES;
				CLANG_ENABLE_OBJC_WEAK = YES;
				CLANG_WARN_BLOCK_CAPTURE_AUTORELEASING = YES;
				CLANG_WARN_BOOL_CONVERSION = YES;
				CLANG_WARN_COMMA = YES;
				CLANG_WARN_CONSTANT_CONVERSION = YES;
				CLANG_WARN_DEPRECATED_OBJC_IMPLEMENTATIONS = YES;
				CLANG_WARN_DIRECT_OBJC_ISA_USAGE = YES_ERROR;
				CLANG_WARN_DOCUMENTATION_COMMENTS = YES;
				CLANG_WARN_EMPTY_BODY = YES;
				CLANG_WARN_ENUM_CONVERSION = YES;
				CLANG_WARN_INFINITE_RECURSION = YES;
				CLANG_WARN_INT_CONVERSION = YES;
				CLANG_WARN_NON_LITERAL_NULL_CONVERSION = YES;
				CLANG_WARN_OBJC_IMPLICIT_RETAIN_SELF = YES;
				CLANG_WARN_OBJC_LITERAL_CONVERSION = YES;
				CLANG_WARN_OBJC_ROOT_CLASS = YES_ERROR;
				CLANG_WARN_QUOTED_INCLUDE_IN_FRAMEWORK_HEADER = YES;
				CLANG_WARN_RANGE_LOOP_ANALYSIS = YES;
				CLANG_WARN_STRICT_PROTOTYPES = YES;
				CLANG_WARN_SUSPICIOUS_MOVE = YES;
				CLANG_WARN_UNGUARDED_AVAILABILITY = YES_AGGRESSIVE;
				CLANG_WARN_UNREACHABLE_CODE = YES;
				CLANG_WARN__DUPLICATE_METHOD_MATCH = YES;
				COPY_PHASE_STRIP = NO;
				DEBUG_INFORMATION_FORMAT = "dwarf-with-dsym";
				ENABLE_NS_ASSERTIONS = NO;
				ENABLE_STRICT_OBJC_MSGSEND = YES;
				GCC_C_LANGUAGE_STANDARD = gnu11;
				GCC_NO_COMMON_BLOCKS = YES;
				GCC_WARN_64_TO_32_BIT_CONVERSION = YES;
				GCC_WARN_ABOUT_RETURN_TYPE = YES_ERROR;
				GCC_WARN_UNDECLARED_SELECTOR = YES;
				GCC_WARN_UNINITIALIZED_AUTOS = YES_AGGRESSIVE;
				GCC_WARN_UNUSED_FUNCTION = YES;
				GCC_WARN_UNUSED_VARIABLE = YES;
				IPHONEOS_DEPLOYMENT_TARGET = 16.0;
				MTL_ENABLE_DEBUG_INFO = NO;
				MTL_FAST_MATH = YES;
				PRODUCT_NAME = "$(TARGET_NAME)";
				SDKROOT = iphoneos;
				SWIFT_COMPILATION_MODE = wholemodule;
				SWIFT_OPTIMIZATION_LEVEL = "-O";
				SWIFT_VERSION = 5.0;
			};
			name = Release;
		};
		7254A11F2CC55C0AC0F1B808 /* Release */ = {
			isa = XCBuildConfiguration;
			buildSettings = {
				ASSETCATALOG_COMPILER_APPICON_NAME = AppIcon;
				CODE_SIGN_IDENTITY = "iPhone Developer";
				DEVELOPMENT_TEAM = "";
				GENERATE_INFOPLIST_FILE = YES;
				INFOPLIST_KEY_UIApplicationSceneManifest_Generation = YES;
				INFOPLIST_KEY_UIApplicationSupportsIndirectInputEvents = YES;
				INFOPLIST_KEY_UILaunchScreen_Generation = YES;
				INFOPLIST_KEY_UISupportedInterfaceOrientations_iPad = "UIInterfaceOrientationPortrait UIInterfaceOrientationPortraitUpsideDown UIInterfaceOrientationLandscapeLeft UIInterfaceOrientationLandscapeRight";
				INFOPLIST_KEY_UISupportedInterfaceOrientations_iPhone = "UIInterfaceOrientationPortrait UIInterfaceOrientationLandscapeLeft UIInterfaceOrientationLandscapeRight";
				IPHONEOS_DEPLOYMENT_TARGET = 16.0;
				LD_RUNPATH_SEARCH_PATHS = (
					"$(inherited)",
					"@executable_path/Frameworks",
				);
				PRODUCT_BUNDLE_IDENTIFIER = com.englishbrain.EnglishBrain;
				SDKROOT = iphoneos;
				TARGETED_DEVICE_FAMILY = "1,2";
			};
			name = Release;
		};
		8928A4732345A6A96DB93DA8 /* Debug */ = {
			isa = XCBuildConfiguration;
			buildSettings = {
				ALWAYS_SEARCH_USER_PATHS = NO;
				CLANG_ANALYZER_NONNULL = YES;
				CLANG_ANALYZER_NUMBER_OBJECT_CONVERSION = YES_AGGRESSIVE;
				CLANG_CXX_LANGUAGE_STANDARD = "gnu++14";
				CLANG_CXX_LIBRARY = "libc++";
				CLANG_ENABLE_MODULES = YES;
				CLANG_ENABLE_OBJC_ARC = YES;
				CLANG_ENABLE_OBJC_WEAK = YES;
				CLANG_WARN_BLOCK_CAPTURE_AUTORELEASING = YES;
				CLANG_WARN_BOOL_CONVERSION = YES;
				CLANG_WARN_COMMA = YES;
				CLANG_WARN_CONSTANT_CONVERSION = YES;
				CLANG_WARN_DEPRECATED_OBJC_IMPLEMENTATIONS = YES;
				CLANG_WARN_DIRECT_OBJC_ISA_USAGE = YES_ERROR;
				CLANG_WARN_DOCUMENTATION_COMMENTS = YES;
				CLANG_WARN_EMPTY_BODY = YES;
				CLANG_WARN_ENUM_CONVERSION = YES;
				CLANG_WARN_INFINITE_RECURSION = YES;
				CLANG_WARN_INT_CONVERSION = YES;
				CLANG_WARN_NON_LITERAL_NULL_CONVERSION = YES;
				CLANG_WARN_OBJC_IMPLICIT_RETAIN_SELF = YES;
				CLANG_WARN_OBJC_LITERAL_CONVERSION = YES;
				CLANG_WARN_OBJC_ROOT_CLASS = YES_ERROR;
				CLANG_WARN_QUOTED_INCLUDE_IN_FRAMEWORK_HEADER = YES;
				CLANG_WARN_RANGE_LOOP_ANALYSIS = YES;
				CLANG_WARN_STRICT_PROTOTYPES = YES;
				CLANG_WARN_SUSPICIOUS_MOVE = YES;
				CLANG_WARN_UNGUARDED_AVAILABILITY = YES_AGGRESSIVE;
				CLANG_WARN_UNREACHABLE_CODE = YES;
				CLANG_WARN__DUPLICATE_METHOD_MATCH = YES;
				COPY_PHASE_STRIP = NO;
				DEBUG_INFORMATION_FORMAT = dwarf;
				ENABLE_STRICT_OBJC_MSGSEND = YES;
				ENABLE_TESTABILITY = YES;
				GCC_C_LANGUAGE_STANDARD = gnu11;
				GCC_DYNAMIC_NO_PIC = NO;
				GCC_NO_COMMON_BLOCKS = YES;
				GCC_OPTIMIZATION_LEVEL = 0;
				GCC_PREPROCESSOR_DEFINITIONS = (
					"$(inherited)",
					"DEBUG=1",
				);
				GCC_WARN_64_TO_32_BIT_CONVERSION = YES;
				GCC_WARN_ABOUT_RETURN_TYPE = YES_ERROR;
				GCC_WARN_UNDECLARED_SELECTOR = YES;
				GCC_WARN_UNINITIALIZED_AUTOS = YES_AGGRESSIVE;
				GCC_WARN_UNUSED_FUNCTION = YES;
				GCC_WARN_UNUSED_VARIABLE = YES;
				IPHONEOS_DEPLOYMENT_TARGET = 16.0;
				MTL_ENABLE_DEBUG_INFO = INCLUDE_SOURCE;
				MTL_FAST_MATH = YES;
				ONLY_ACTIVE_ARCH = YES;
				PRODUCT_NAME = "$(TARGET_NAME)";
				SDKROOT = iphoneos;
				SWIFT_ACTIVE_COMPILATION_CONDITIONS = DEBUG;
				SWIFT_OPTIMIZATION_LEVEL = "-Onone";
				SWIFT_VERSION = 5.0;
			};
			name = Debug;
		};
		A078FD15C999E3D40AEA0DD8 /* Debug */ = {
			isa = XCBuildConfiguration;
			buildSettings = {
				ASSETCATALOG_COMPILER_APPICON_NAME = AppIcon;
				CODE_SIGN_IDENTITY = "iPhone Developer";
				DEVELOPMENT_TEAM = "";
				GENERATE_INFOPLIST_FILE = YES;
				INFOPLIST_KEY_UIApplicationSceneManifest_Generation = YES;
				INFOPLIST_KEY_UIApplicationSupportsIndirectInputEvents = YES;
				INFOPLIST_KEY_UILaunchScreen_Generation = YES;
				INFOPLIST_KEY_UISupportedInterfaceOrientations_iPad = "UIInterfaceOrientationPortrait UIInterfaceOrientationPortraitUpsideDown UIInterfaceOrientationLandscapeLeft UIInterfaceOrientationLandscapeRight";
				INFOPLIST_KEY_UISupportedInterfaceOrientations_iPhone = "UIInterfaceOrientationPortrait UIInterfaceOrientationLandscapeLeft UIInterfaceOrientationLandscapeRight";
				IPHONEOS_DEPLOYMENT_TARGET = 16.0;
				LD_RUNPATH_SEARCH_PATHS = (
					"$(inherited)",
					"@executable_path/Frameworks",
				);
				PRODUCT_BUNDLE_IDENTIFIER = com.englishbrain.EnglishBrain;
				SDKROOT = iphoneos;
				TARGETED_DEVICE_FAMILY = "1,2";
			};
			name = Debug;
		};
/* End XCBuildConfiguration section */

/* Begin XCConfigurationList section */
		0D11F8CFA89B127747CB3ACD /* Build configuration list for PBXNativeTarget "EnglishBrain" */ = {
			isa = XCConfigurationList;
			buildConfigurations = (
				A078FD15C999E3D40AEA0DD8 /* Debug */,
				7254A11F2CC55C0AC0F1B808 /* Release */,
			);
			defaultConfigurationIsVisible = 0;
			defaultConfigurationName = Debug;
		};
		A9B9787CC79ABD382039D1BF /* Build configuration list for PBXProject "EnglishBrain" */ = {
			isa = XCConfigurationList;
			buildConfigurations = (
				8928A4732345A6A96DB93DA8 /* Debug */,
				154C1901770F3D0DC14E101E /* Release */,
			);
			defaultConfigurationIsVisible = 0;
			defaultConfigurationName = Debug;
		};
/* End XCConfigurationList section */

/* Begin XCLocalSwiftPackageReference section */
		2943B62B41F5C94E0E169FD8 /* XCLocalSwiftPackageReference "../sdk-swift" */ = {
			isa = XCLocalSwiftPackageReference;
			relativePath = "../sdk-swift";
		};
/* End XCLocalSwiftPackageReference section */

/* Begin XCSwiftPackageProductDependency section */
		309C775AB5E865179B56BFB9 /* EnglishBrainAPI */ = {
			isa = XCSwiftPackageProductDependency;
			productName = EnglishBrainAPI;
		};
/* End XCSwiftPackageProductDependency section */
	};
	rootObject = 5FAABA92276DBAC4CB6ADAAA /* Project object */;
}
